
Microsoft Visual Studio Solution File, Format Version 12.00
# Visual Studio Version 16
VisualStudioVersion = 16.0.30523.141
MinimumVisualStudioVersion = 10.0.40219.1
Project("{FAE04EC0-301F-11D3-BF4B-00C04F79EFBC}") = "ShopApp", "ShopApp\ShopApp.csproj", "{755F7E5D-B9A9-41A4-8270-D8208C1B6783}"
EndProject
Global
	GlobalSection(SolutionConfigurationPlatforms) = preSolution
		Debug|Any CPU = Debug|Any CPU
		Release|Any CPU = Release|Any CPU
	EndGlobalSection
	GlobalSection(ProjectConfigurationPlatforms) = postSolution
		{755F7E5D-B9A9-41A4-8270-D8208C1B6783}.Debug|Any CPU.ActiveCfg = Debug|Any CPU
		{755F7E5D-B9A9-41A4-8270-D8208C1B6783}.Debug|Any CPU.Build.0 = Debug|Any CPU
		{755F7E5D-B9A9-41A4-8270-D8208C1B6783}.Release|Any CPU.ActiveCfg = Release|Any CPU
		{755F7E5D-B9A9-41A4-8270-D8208C1B6783}.Release|Any CPU.Build.0 = Release|Any CPU
	EndGlobalSection
	GlobalSection(SolutionProperties) = preSolution
		HideSolutionNode = FALSE
	EndGlobalSection
	GlobalSection(ExtensibilityGlobals) = postSolution
		SolutionGuid = {9F9BD7CD-D069-48D1-874C-D00C4D2018C8}
	EndGlobalSection
EndGlobal
